
Microsoft Visual Studio Solution File, Format Version 12.00
# Visual Studio Version 16
VisualStudioVersion = 16.0.33801.447
MinimumVisualStudioVersion = 10.0.40219.1
Project("{9A19103F-16F7-4668-BE54-9A1E7A4F7556}") = "clientProducerSignalR", "clientProducerSignalR\clientProducerSignalR.csproj", "{C2C3FC92-8592-450A-BF67-618344E5A729}"
EndProject
Project("{9A19103F-16F7-4668-BE54-9A1E7A4F7556}") = "clientSignalR", "clientSignalR\clientSignalR.csproj", "{5843357B-03F8-4711-9030-A09474D2E311}"
EndProject
Project("{9A19103F-16F7-4668-BE54-9A1E7A4F7556}") = "serverSignalR", "serverSignalR\serverSignalR.csproj", "{1B15619A-A2BC-4326-A65E-12C490F86743}"
EndProject
Project("{9A19103F-16F7-4668-BE54-9A1E7A4F7556}") = "sharedCore", "sharedCore\sharedCore.csproj", "{34539C15-86EA-436D-84A6-8D46CC4ACC6B}"
EndProject
Global
	GlobalSection(SolutionConfigurationPlatforms) = preSolution
		Debug|Any CPU = Debug|Any CPU
		Release|Any CPU = Release|Any CPU
	EndGlobalSection
	GlobalSection(ProjectConfigurationPlatforms) = postSolution
		{C2C3FC92-8592-450A-BF67-618344E5A729}.Debug|Any CPU.ActiveCfg = Debug|Any CPU
		{C2C3FC92-8592-450A-BF67-618344E5A729}.Debug|Any CPU.Build.0 = Debug|Any CPU
		{C2C3FC92-8592-450A-BF67-618344E5A729}.Release|Any CPU.ActiveCfg = Release|Any CPU
		{C2C3FC92-8592-450A-BF67-618344E5A729}.Release|Any CPU.Build.0 = Release|Any CPU
		{5843357B-03F8-4711-9030-A09474D2E311}.Debug|Any CPU.ActiveCfg = Debug|Any CPU
		{5843357B-03F8-4711-9030-A09474D2E311}.Debug|Any CPU.Build.0 = Debug|Any CPU
		{5843357B-03F8-4711-9030-A09474D2E311}.Release|Any CPU.ActiveCfg = Release|Any CPU
		{5843357B-03F8-4711-9030-A09474D2E311}.Release|Any CPU.Build.0 = Release|Any CPU
		{1B15619A-A2BC-4326-A65E-12C490F86743}.Debug|Any CPU.ActiveCfg = Debug|Any CPU
		{1B15619A-A2BC-4326-A65E-12C490F86743}.Debug|Any CPU.Build.0 = Debug|Any CPU
		{1B15619A-A2BC-4326-A65E-12C490F86743}.Release|Any CPU.ActiveCfg = Release|Any CPU
		{1B15619A-A2BC-4326-A65E-12C490F86743}.Release|Any CPU.Build.0 = Release|Any CPU
		{34539C15-86EA-436D-84A6-8D46CC4ACC6B}.Debug|Any CPU.ActiveCfg = Debug|Any CPU
		{34539C15-86EA-436D-84A6-8D46CC4ACC6B}.Debug|Any CPU.Build.0 = Debug|Any CPU
		{34539C15-86EA-436D-84A6-8D46CC4ACC6B}.Release|Any CPU.ActiveCfg = Release|Any CPU
		{34539C15-86EA-436D-84A6-8D46CC4ACC6B}.Release|Any CPU.Build.0 = Release|Any CPU
	EndGlobalSection
	GlobalSection(SolutionProperties) = preSolution
		HideSolutionNode = FALSE
	EndGlobalSection
	GlobalSection(ExtensibilityGlobals) = postSolution
		SolutionGuid = {FF40F36F-3258-4F04-9079-C4E1C30F9258}
	EndGlobalSection
EndGlobal
